// !$*UTF8*$!
{
	archiveVersion = 1;
	classes = {
	};
	objectVersion = 50;
	objects = {

/* Begin PBXBuildFile section */
		8758200F2135B0F9008C2AFD /* AppDelegate.swift in Sources */ = {isa = PBXBuildFile; fileRef = 8758200E2135B0F9008C2AFD /* AppDelegate.swift */; };
		875820112135B0F9008C2AFD /* ViewController.swift in Sources */ = {isa = PBXBuildFile; fileRef = 875820102135B0F9008C2AFD /* ViewController.swift */; };
		875820142135B0F9008C2AFD /* Main.storyboard in Resources */ = {isa = PBXBuildFile; fileRef = 875820122135B0F9008C2AFD /* Main.storyboard */; };
		875820162135B0F9008C2AFD /* Assets.xcassets in Resources */ = {isa = PBXBuildFile; fileRef = 875820152135B0F9008C2AFD /* Assets.xcassets */; };
		875820192135B0F9008C2AFD /* LaunchScreen.storyboard in Resources */ = {isa = PBXBuildFile; fileRef = 875820172135B0F9008C2AFD /* LaunchScreen.storyboard */; };
		879E69522135B59C00CBC4D9 /* TimerController.swift in Sources */ = {isa = PBXBuildFile; fileRef = 879E69512135B59C00CBC4D9 /* TimerController.swift */; };
/* End PBXBuildFile section */

/* Begin PBXFileReference section */
		8758200B2135B0F9008C2AFD /* Power Nap Timer.app */ = {isa = PBXFileReference; explicitFileType = wrapper.application; includeInIndex = 0; path = "Power Nap Timer.app"; sourceTree = BUILT_PRODUCTS_DIR; };
		8758200E2135B0F9008C2AFD /* AppDelegate.swift */ = {isa = PBXFileReference; lastKnownFileType = sourcecode.swift; path = AppDelegate.swift; sourceTree = "<group>"; };
		875820102135B0F9008C2AFD /* ViewController.swift */ = {isa = PBXFileReference; lastKnownFileType = sourcecode.swift; path = ViewController.swift; sourceTree = "<group>"; };
		875820132135B0F9008C2AFD /* Base */ = {isa = PBXFileReference; lastKnownFileType = file.storyboard; name = Base; path = Base.lproj/Main.storyboard; sourceTree = "<group>"; };
		875820152135B0F9008C2AFD /* Assets.xcassets */ = {isa = PBXFileReference; lastKnownFileType = folder.assetcatalog; path = Assets.xcassets; sourceTree = "<group>"; };
		875820182135B0F9008C2AFD /* Base */ = {isa = PBXFileReference; lastKnownFileType = file.storyboard; name = Base; path = Base.lproj/LaunchScreen.storyboard; sourceTree = "<group>"; };
		8758201A2135B0F9008C2AFD /* Info.plist */ = {isa = PBXFileReference; lastKnownFileType = text.plist.xml; path = Info.plist; sourceTree = "<group>"; };
		879E69512135B59C00CBC4D9 /* TimerController.swift */ = {isa = PBXFileReference; lastKnownFileType = sourcecode.swift; path = TimerController.swift; sourceTree = "<group>"; };
/* End PBXFileReference section */

/* Begin PBXFrameworksBuildPhase section */
		875820082135B0F8008C2AFD /* Frameworks */ = {
			isa = PBXFrameworksBuildPhase;
			buildActionMask = 2147483647;
			files = (
			);
			runOnlyForDeploymentPostprocessing = 0;
		};
/* End PBXFrameworksBuildPhase section */

/* Begin PBXGroup section */
		875820022135B0F8008C2AFD = {
			isa = PBXGroup;
			children = (
				8758200D2135B0F9008C2AFD /* Power Nap Timer */,
				8758200C2135B0F9008C2AFD /* Products */,
			);
			sourceTree = "<group>";
		};
		8758200C2135B0F9008C2AFD /* Products */ = {
			isa = PBXGroup;
			children = (
				8758200B2135B0F9008C2AFD /* Power Nap Timer.app */,
			);
			name = Products;
			sourceTree = "<group>";
		};
		8758200D2135B0F9008C2AFD /* Power Nap Timer */ = {
			isa = PBXGroup;
			children = (
				8758200E2135B0F9008C2AFD /* AppDelegate.swift */,
				875820102135B0F9008C2AFD /* ViewController.swift */,
				875820122135B0F9008C2AFD /* Main.storyboard */,
				879E69512135B59C00CBC4D9 /* TimerController.swift */,
				875820152135B0F9008C2AFD /* Assets.xcassets */,
				875820172135B0F9008C2AFD /* LaunchScreen.storyboard */,
				8758201A2135B0F9008C2AFD /* Info.plist */,
			);
			path = "Power Nap Timer";
			sourceTree = "<group>";
		};
/* End PBXGroup section */

/* Begin PBXNativeTarget section */
		8758200A2135B0F8008C2AFD /* Power Nap Timer */ = {
			isa = PBXNativeTarget;
			buildConfigurationList = 8758201D2135B0F9008C2AFD /* Build configuration list for PBXNativeTarget "Power Nap Timer" */;
			buildPhases = (
				875820072135B0F8008C2AFD /* Sources */,
				875820082135B0F8008C2AFD /* Frameworks */,
				875820092135B0F8008C2AFD /* Resources */,
			);
			buildRules = (
			);
			dependencies = (
			);
			name = "Power Nap Timer";
			productName = "Power Nap Timer";
			productReference = 8758200B2135B0F9008C2AFD /* Power Nap Timer.app */;
			productType = "com.apple.product-type.application";
		};
/* End PBXNativeTarget section */

/* Begin PBXProject section */
		875820032135B0F8008C2AFD /* Project object */ = {
			isa = PBXProject;
			attributes = {
				LastSwiftUpdateCheck = 0940;
				LastUpgradeCheck = 0940;
				ORGANIZATIONNAME = "John Tate";
				TargetAttributes = {
					8758200A2135B0F8008C2AFD = {
						CreatedOnToolsVersion = 9.4.1;
					};
				};
			};
			buildConfigurationList = 875820062135B0F8008C2AFD /* Build configuration list for PBXProject "Power Nap Timer" */;
			compatibilityVersion = "Xcode 9.3";
			developmentRegion = en;
			hasScannedForEncodings = 0;
			knownRegions = (
				en,
				Base,
			);
			mainGroup = 875820022135B0F8008C2AFD;
			productRefGroup = 8758200C2135B0F9008C2AFD /* Products */;
			projectDirPath = "";
			projectRoot = "";
			targets = (
				8758200A2135B0F8008C2AFD /* Power Nap Timer */,
			);
		};
/* End PBXProject section */

/* Begin PBXResourcesBuildPhase section */
		875820092135B0F8008C2AFD /* Resources */ = {
			isa = PBXResourcesBuildPhase;
			buildActionMask = 2147483647;
			files = (
				875820192135B0F9008C2AFD /* LaunchScreen.storyboard in Resources */,
				875820162135B0F9008C2AFD /* Assets.xcassets in Resources */,
				875820142135B0F9008C2AFD /* Main.storyboard in Resources */,
			);
			runOnlyForDeploymentPostprocessing = 0;
		};
/* End PBXResourcesBuildPhase section */

/* Begin PBXSourcesBuildPhase section */
		875820072135B0F8008C2AFD /* Sources */ = {
			isa = PBXSourcesBuildPhase;
			buildActionMask = 2147483647;
			files = (
				875820112135B0F9008C2AFD /* ViewController.swift in Sources */,
				8758200F2135B0F9008C2AFD /* AppDelegate.swift in Sources */,
				879E69522135B59C00CBC4D9 /* TimerController.swift in Sources */,
			);
			runOnlyForDeploymentPostprocessing = 0;
		};
/* End PBXSourcesBuildPhase section */

/* Begin PBXVariantGroup section */
		875820122135B0F9008C2AFD /* Main.storyboard */ = {
			isa = PBXVariantGroup;
			children = (
				875820132135B0F9008C2AFD /* Base */,
			);
			name = Main.storyboard;
			sourceTree = "<group>";
		};
		875820172135B0F9008C2AFD /* LaunchScreen.storyboard */ = {
			isa = PBXVariantGroup;
			children = (
				875820182135B0F9008C2AFD /* Base */,
			);
			name = LaunchScreen.storyboard;
			sourceTree = "<group>";
		};
/* End PBXVariantGroup section */

/* Begin XCBuildConfiguration section */
		8758201B2135B0F9008C2AFD /* Debug */ = {
			isa = XCBuildConfiguration;
			buildSettings = {
				ALWAYS_SEARCH_USER_PATHS = NO;
				CLANG_ANALYZER_NONNULL = YES;
				CLANG_ANALYZER_NUMBER_OBJECT_CONVERSION = YES_AGGRESSIVE;
				CLANG_CXX_LANGUAGE_STANDARD = "gnu++14";
				CLANG_CXX_LIBRARY = "libc++";
				CLANG_ENABLE_MODULES = YES;
				CLANG_ENABLE_OBJC_ARC = YES;
				CLANG_ENABLE_OBJC_WEAK = YES;
				CLANG_WARN_BLOCK_CAPTURE_AUTORELEASING = YES;
				CLANG_WARN_BOOL_CONVERSION = YES;
				CLANG_WARN_COMMA = YES;
				CLANG_WARN_CONSTANT_CONVERSION = YES;
				CLANG_WARN_DEPRECATED_OBJC_IMPLEMENTATIONS = YES;
				CLANG_WARN_DIRECT_OBJC_ISA_USAGE = YES_ERROR;
				CLANG_WARN_DOCUMENTATION_COMMENTS = YES;
				CLANG_WARN_EMPTY_BODY = YES;
				CLANG_WARN_ENUM_CONVERSION = YES;
				CLANG_WARN_INFINITE_RECURSION = YES;
				CLANG_WARN_INT_CONVERSION = YES;
				CLANG_WARN_NON_LITERAL_NULL_CONVERSION = YES;
				CLANG_WARN_OBJC_IMPLICIT_RETAIN_SELF = YES;
				CLANG_WARN_OBJC_LITERAL_CONVERSION = YES;
				CLANG_WARN_OBJC_ROOT_CLASS = YES_ERROR;
				CLANG_WARN_RANGE_LOOP_ANALYSIS = YES;
				CLANG_WARN_STRICT_PROTOTYPES = YES;
				CLANG_WARN_SUSPICIOUS_MOVE = YES;
				CLANG_WARN_UNGUARDED_AVAILABILITY = YES_AGGRESSIVE;
				CLANG_WARN_UNREACHABLE_CODE = YES;
				CLANG_WARN__DUPLICATE_METHOD_MATCH = YES;
				CODE_SIGN_IDENTITY = "iPhone Developer";
				COPY_PHASE_STRIP = NO;
				DEBUG_INFORMATION_FORMAT = dwarf;
				ENABLE_STRICT_OBJC_MSGSEND = YES;
				ENABLE_TESTABILITY = YES;
				GCC_C_LANGUAGE_STANDARD = gnu11;
				GCC_DYNAMIC_NO_PIC = NO;
				GCC_NO_COMMON_BLOCKS = YES;
				GCC_OPTIMIZATION_LEVEL = 0;
				GCC_PREPROCESSOR_DEFINITIONS = (
					"DEBUG=1",
					"$(inherited)",
				);
				GCC_WARN_64_TO_32_BIT_CONVERSION = YES;
				GCC_WARN_ABOUT_RETURN_TYPE = YES_ERROR;
				GCC_WARN_UNDECLARED_SELECTOR = YES;
				GCC_WARN_UNINITIALIZED_AUTOS = YES_AGGRESSIVE;
				GCC_WARN_UNUSED_FUNCTION = YES;
				GCC_WARN_UNUSED_VARIABLE = YES;
				IPHONEOS_DEPLOYMENT_TARGET = 11.4;
				MTL_ENABLE_DEBUG_INFO = YES;
				ONLY_ACTIVE_ARCH = YES;
				SDKROOT = iphoneos;
				SWIFT_ACTIVE_COMPILATION_CONDITIONS = DEBUG;
				SWIFT_OPTIMIZATION_LEVEL = "-Onone";
			};
			name = Debug;
		};
		8758201C2135B0F9008C2AFD /* Release */ = {
			isa = XCBuildConfiguration;
			buildSettings = {
				ALWAYS_SEARCH_USER_PATHS = NO;
				CLANG_ANALYZER_NONNULL = YES;
				CLANG_ANALYZER_NUMBER_OBJECT_CONVERSION = YES_AGGRESSIVE;
				CLANG_CXX_LANGUAGE_STANDARD = "gnu++14";
				CLANG_CXX_LIBRARY = "libc++";
				CLANG_ENABLE_MODULES = YES;
				CLANG_ENABLE_OBJC_ARC = YES;
				CLANG_ENABLE_OBJC_WEAK = YES;
				CLANG_WARN_BLOCK_CAPTURE_AUTORELEASING = YES;
				CLANG_WARN_BOOL_CONVERSION = YES;
				CLANG_WARN_COMMA = YES;
				CLANG_WARN_CONSTANT_CONVERSION = YES;
				CLANG_WARN_DEPRECATED_OBJC_IMPLEMENTATIONS = YES;
				CLANG_WARN_DIRECT_OBJC_ISA_USAGE = YES_ERROR;
				CLANG_WARN_DOCUMENTATION_COMMENTS = YES;
				CLANG_WARN_EMPTY_BODY = YES;
				CLANG_WARN_ENUM_CONVERSION = YES;
				CLANG_WARN_INFINITE_RECURSION = YES;
				CLANG_WARN_INT_CONVERSION = YES;
				CLANG_WARN_NON_LITERAL_NULL_CONVERSION = YES;
				CLANG_WARN_OBJC_IMPLICIT_RETAIN_SELF = YES;
				CLANG_WARN_OBJC_LITERAL_CONVERSION = YES;
				CLANG_WARN_OBJC_ROOT_CLASS = YES_ERROR;
				CLANG_WARN_RANGE_LOOP_ANALYSIS = YES;
				CLANG_WARN_STRICT_PROTOTYPES = YES;
				CLANG_WARN_SUSPICIOUS_MOVE = YES;
				CLANG_WARN_UNGUARDED_AVAILABILITY = YES_AGGRESSIVE;
				CLANG_WARN_UNREACHABLE_CODE = YES;
				CLANG_WARN__DUPLICATE_METHOD_MATCH = YES;
				CODE_SIGN_IDENTITY = "iPhone Developer";
				COPY_PHASE_STRIP = NO;
				DEBUG_INFORMATION_FORMAT = "dwarf-with-dsym";
				ENABLE_NS_ASSERTIONS = NO;
				ENABLE_STRICT_OBJC_MSGSEND = YES;
				GCC_C_LANGUAGE_STANDARD = gnu11;
				GCC_NO_COMMON_BLOCKS = YES;
				GCC_WARN_64_TO_32_BIT_CONVERSION = YES;
				GCC_WARN_ABOUT_RETURN_TYPE = YES_ERROR;
				GCC_WARN_UNDECLARED_SELECTOR = YES;
				GCC_WARN_UNINITIALIZED_AUTOS = YES_AGGRESSIVE;
				GCC_WARN_UNUSED_FUNCTION = YES;
				GCC_WARN_UNUSED_VARIABLE = YES;
				IPHONEOS_DEPLOYMENT_TARGET = 11.4;
				MTL_ENABLE_DEBUG_INFO = NO;
				SDKROOT = iphoneos;
				SWIFT_COMPILATION_MODE = wholemodule;
				SWIFT_OPTIMIZATION_LEVEL = "-O";
				VALIDATE_PRODUCT = YES;
			};
			name = Release;
		};
		8758201E2135B0F9008C2AFD /* Debug */ = {
			isa = XCBuildConfiguration;
			buildSettings = {
				ASSETCATALOG_COMPILER_APPICON_NAME = AppIcon;
				CODE_SIGN_STYLE = Automatic;
				DEVELOPMENT_TEAM = 74SYWHWN72;
				INFOPLIST_FILE = "Power Nap Timer/Info.plist";
				LD_RUNPATH_SEARCH_PATHS = (
					"$(inherited)",
					"@executable_path/Frameworks",
				);
				PRODUCT_BUNDLE_IDENTIFIER = "com.example.Power-Nap-Timer";
				PRODUCT_NAME = "$(TARGET_NAME)";
				SWIFT_VERSION = 4.0;
				TARGETED_DEVICE_FAMILY = "1,2";
			};
			name = Debug;
		};
		8758201F2135B0F9008C2AFD /* Release */ = {
			isa = XCBuildConfiguration;
			buildSettings = {
				ASSETCATALOG_COMPILER_APPICON_NAME = AppIcon;
				CODE_SIGN_STYLE = Automatic;
				DEVELOPMENT_TEAM = 74SYWHWN72;
				INFOPLIST_FILE = "Power Nap Timer/Info.plist";
				LD_RUNPATH_SEARCH_PATHS = (
					"$(inherited)",
					"@executable_path/Frameworks",
				);
				PRODUCT_BUNDLE_IDENTIFIER = "com.example.Power-Nap-Timer";
				PRODUCT_NAME = "$(TARGET_NAME)";
				SWIFT_VERSION = 4.0;
				TARGETED_DEVICE_FAMILY = "1,2";
			};
			name = Release;
		};
/* End XCBuildConfiguration section */

/* Begin XCConfigurationList section */
		875820062135B0F8008C2AFD /* Build configuration list for PBXProject "Power Nap Timer" */ = {
			isa = XCConfigurationList;
			buildConfigurations = (
				8758201B2135B0F9008C2AFD /* Debug */,
				8758201C2135B0F9008C2AFD /* Release */,
			);
			defaultConfigurationIsVisible = 0;
			defaultConfigurationName = Release;
		};
		8758201D2135B0F9008C2AFD /* Build configuration list for PBXNativeTarget "Power Nap Timer" */ = {
			isa = XCConfigurationList;
			buildConfigurations = (
				8758201E2135B0F9008C2AFD /* Debug */,
				8758201F2135B0F9008C2AFD /* Release */,
			);
			defaultConfigurationIsVisible = 0;
			defaultConfigurationName = Release;
		};
/* End XCConfigurationList section */
	};
	rootObject = 875820032135B0F8008C2AFD /* Project object */;
}
